
Microsoft Visual Studio Solution File, Format Version 12.00
# Visual Studio 2013
VisualStudioVersion = 12.0.31101.0
MinimumVisualStudioVersion = 10.0.40219.1
Project("{2150E333-8FDC-42A3-9474-1A3956D46DE8}") = "Tests", "Tests", "{E01A84F4-3A4E-400C-9AB9-A3C4F3399221}"
EndProject
Project("{FAE04EC0-301F-11D3-BF4B-00C04F79EFBC}") = "Chirping.Web", "Catch.Web\Chirping.Web.csproj", "{6EC23A82-74B2-401C-A9E7-90DAD782707D}"
EndProject
Project("{FAE04EC0-301F-11D3-BF4B-00C04F79EFBC}") = "Chirping.Web.Api", "Catch.Web.Api\Chirping.Web.Api.csproj", "{82F1B0E8-62A4-49FD-BF26-2FB8B1466BF1}"
EndProject
Project("{FAE04EC0-301F-11D3-BF4B-00C04F79EFBC}") = "Chirping.Web.Api.Data", "Catch.Web.Api.Data\Chirping.Web.Api.Data.csproj", "{84F1518B-0825-4921-AA2F-FA87643C3A2B}"
EndProject
Project("{00D1A9C2-B5F0-4AF3-8072-F6C62B433612}") = "Chirping.Web.Api.Database", "Catch.Web.Api.Database\Chirping.Web.Api.Database.sqlproj", "{318B2767-884B-4F1D-AC62-7FFF65428422}"
EndProject
Project("{FAE04EC0-301F-11D3-BF4B-00C04F79EFBC}") = "Chirping.Web.Api.Domain", "Catch.Web.Api.Domain\Chirping.Web.Api.Domain.csproj", "{60FF8476-0A01-4969-9040-45B4C2B06D1D}"
EndProject
Project("{FAE04EC0-301F-11D3-BF4B-00C04F79EFBC}") = "Chirping.Web.Api.Domain.Tests", "Catch.Web.Api.Domain.Tests\Chirping.Web.Api.Domain.Tests.csproj", "{0B072CD1-FA17-4DB5-86BB-6224A6D3D11D}"
EndProject
Project("{FAE04EC0-301F-11D3-BF4B-00C04F79EFBC}") = "Chirping.Web.Api.Tests", "Catch.Web.Api.Tests\Chirping.Web.Api.Tests.csproj", "{7050EC23-727B-4870-A42B-ADF9D7590074}"
EndProject
Project("{FAE04EC0-301F-11D3-BF4B-00C04F79EFBC}") = "Chirping.Web.Api.Data.Tests", "Catch.Web.Api.Data.Tests\Chirping.Web.Api.Data.Tests.csproj", "{B6370AF5-746A-43F8-BC6B-D12315C171EA}"
EndProject
Project("{2150E333-8FDC-42A3-9474-1A3956D46DE8}") = "FrontEnd", "FrontEnd", "{D286EEDC-894A-4CA1-9E68-E97D37A752C9}"
EndProject
Project("{2150E333-8FDC-42A3-9474-1A3956D46DE8}") = "BackEnd", "BackEnd", "{4D290D7A-91F2-414D-BC68-FDE2868CD0F6}"
EndProject
Project("{FAE04EC0-301F-11D3-BF4B-00C04F79EFBC}") = "Chirping.Web.Api.Common", "Catch.Web.Api.Common\Chirping.Web.Api.Common.csproj", "{08429B50-9904-448E-A2B3-E955EC225FF9}"
EndProject
Project("{2150E333-8FDC-42A3-9474-1A3956D46DE8}") = ".nuget", ".nuget", "{54102247-4F09-4936-A753-9948AC3447F3}"
	ProjectSection(SolutionItems) = preProject
		.nuget\packages.config = .nuget\packages.config
	EndProjectSection
EndProject
Global
	GlobalSection(SolutionConfigurationPlatforms) = preSolution
		Debug|Any CPU = Debug|Any CPU
		Release|Any CPU = Release|Any CPU
		Web.Api debug|Any CPU = Web.Api debug|Any CPU
	EndGlobalSection
	GlobalSection(ProjectConfigurationPlatforms) = postSolution
		{6EC23A82-74B2-401C-A9E7-90DAD782707D}.Debug|Any CPU.ActiveCfg = Debug|Any CPU
		{6EC23A82-74B2-401C-A9E7-90DAD782707D}.Debug|Any CPU.Build.0 = Debug|Any CPU
		{6EC23A82-74B2-401C-A9E7-90DAD782707D}.Release|Any CPU.ActiveCfg = Release|Any CPU
		{6EC23A82-74B2-401C-A9E7-90DAD782707D}.Release|Any CPU.Build.0 = Release|Any CPU
		{6EC23A82-74B2-401C-A9E7-90DAD782707D}.Web.Api debug|Any CPU.ActiveCfg = Web.Api debug|Any CPU
		{82F1B0E8-62A4-49FD-BF26-2FB8B1466BF1}.Debug|Any CPU.ActiveCfg = Debug|Any CPU
		{82F1B0E8-62A4-49FD-BF26-2FB8B1466BF1}.Debug|Any CPU.Build.0 = Debug|Any CPU
		{82F1B0E8-62A4-49FD-BF26-2FB8B1466BF1}.Release|Any CPU.ActiveCfg = Release|Any CPU
		{82F1B0E8-62A4-49FD-BF26-2FB8B1466BF1}.Release|Any CPU.Build.0 = Release|Any CPU
		{82F1B0E8-62A4-49FD-BF26-2FB8B1466BF1}.Web.Api debug|Any CPU.ActiveCfg = Web.Api debug|Any CPU
		{82F1B0E8-62A4-49FD-BF26-2FB8B1466BF1}.Web.Api debug|Any CPU.Build.0 = Web.Api debug|Any CPU
		{84F1518B-0825-4921-AA2F-FA87643C3A2B}.Debug|Any CPU.ActiveCfg = Debug|Any CPU
		{84F1518B-0825-4921-AA2F-FA87643C3A2B}.Debug|Any CPU.Build.0 = Debug|Any CPU
		{84F1518B-0825-4921-AA2F-FA87643C3A2B}.Release|Any CPU.ActiveCfg = Release|Any CPU
		{84F1518B-0825-4921-AA2F-FA87643C3A2B}.Release|Any CPU.Build.0 = Release|Any CPU
		{84F1518B-0825-4921-AA2F-FA87643C3A2B}.Web.Api debug|Any CPU.ActiveCfg = Web.Api debug|Any CPU
		{84F1518B-0825-4921-AA2F-FA87643C3A2B}.Web.Api debug|Any CPU.Build.0 = Web.Api debug|Any CPU
		{318B2767-884B-4F1D-AC62-7FFF65428422}.Debug|Any CPU.ActiveCfg = Debug|Any CPU
		{318B2767-884B-4F1D-AC62-7FFF65428422}.Debug|Any CPU.Build.0 = Debug|Any CPU
		{318B2767-884B-4F1D-AC62-7FFF65428422}.Debug|Any CPU.Deploy.0 = Debug|Any CPU
		{318B2767-884B-4F1D-AC62-7FFF65428422}.Release|Any CPU.ActiveCfg = Release|Any CPU
		{318B2767-884B-4F1D-AC62-7FFF65428422}.Release|Any CPU.Build.0 = Release|Any CPU
		{318B2767-884B-4F1D-AC62-7FFF65428422}.Release|Any CPU.Deploy.0 = Release|Any CPU
		{318B2767-884B-4F1D-AC62-7FFF65428422}.Web.Api debug|Any CPU.ActiveCfg = Web.Api debug|Any CPU
		{60FF8476-0A01-4969-9040-45B4C2B06D1D}.Debug|Any CPU.ActiveCfg = Debug|Any CPU
		{60FF8476-0A01-4969-9040-45B4C2B06D1D}.Debug|Any CPU.Build.0 = Debug|Any CPU
		{60FF8476-0A01-4969-9040-45B4C2B06D1D}.Release|Any CPU.ActiveCfg = Release|Any CPU
		{60FF8476-0A01-4969-9040-45B4C2B06D1D}.Release|Any CPU.Build.0 = Release|Any CPU
		{60FF8476-0A01-4969-9040-45B4C2B06D1D}.Web.Api debug|Any CPU.ActiveCfg = Web.Api debug|Any CPU
		{60FF8476-0A01-4969-9040-45B4C2B06D1D}.Web.Api debug|Any CPU.Build.0 = Web.Api debug|Any CPU
		{0B072CD1-FA17-4DB5-86BB-6224A6D3D11D}.Debug|Any CPU.ActiveCfg = Debug|Any CPU
		{0B072CD1-FA17-4DB5-86BB-6224A6D3D11D}.Debug|Any CPU.Build.0 = Debug|Any CPU
		{0B072CD1-FA17-4DB5-86BB-6224A6D3D11D}.Release|Any CPU.ActiveCfg = Release|Any CPU
		{0B072CD1-FA17-4DB5-86BB-6224A6D3D11D}.Release|Any CPU.Build.0 = Release|Any CPU
		{0B072CD1-FA17-4DB5-86BB-6224A6D3D11D}.Web.Api debug|Any CPU.ActiveCfg = Web.Api debug|Any CPU
		{0B072CD1-FA17-4DB5-86BB-6224A6D3D11D}.Web.Api debug|Any CPU.Build.0 = Web.Api debug|Any CPU
		{7050EC23-727B-4870-A42B-ADF9D7590074}.Debug|Any CPU.ActiveCfg = Debug|Any CPU
		{7050EC23-727B-4870-A42B-ADF9D7590074}.Debug|Any CPU.Build.0 = Debug|Any CPU
		{7050EC23-727B-4870-A42B-ADF9D7590074}.Release|Any CPU.ActiveCfg = Release|Any CPU
		{7050EC23-727B-4870-A42B-ADF9D7590074}.Release|Any CPU.Build.0 = Release|Any CPU
		{7050EC23-727B-4870-A42B-ADF9D7590074}.Web.Api debug|Any CPU.ActiveCfg = Web.Api debug|Any CPU
		{7050EC23-727B-4870-A42B-ADF9D7590074}.Web.Api debug|Any CPU.Build.0 = Web.Api debug|Any CPU
		{B6370AF5-746A-43F8-BC6B-D12315C171EA}.Debug|Any CPU.ActiveCfg = Debug|Any CPU
		{B6370AF5-746A-43F8-BC6B-D12315C171EA}.Debug|Any CPU.Build.0 = Debug|Any CPU
		{B6370AF5-746A-43F8-BC6B-D12315C171EA}.Release|Any CPU.ActiveCfg = Release|Any CPU
		{B6370AF5-746A-43F8-BC6B-D12315C171EA}.Release|Any CPU.Build.0 = Release|Any CPU
		{B6370AF5-746A-43F8-BC6B-D12315C171EA}.Web.Api debug|Any CPU.ActiveCfg = Web.Api debug|Any CPU
		{B6370AF5-746A-43F8-BC6B-D12315C171EA}.Web.Api debug|Any CPU.Build.0 = Web.Api debug|Any CPU
		{08429B50-9904-448E-A2B3-E955EC225FF9}.Debug|Any CPU.ActiveCfg = Debug|Any CPU
		{08429B50-9904-448E-A2B3-E955EC225FF9}.Debug|Any CPU.Build.0 = Debug|Any CPU
		{08429B50-9904-448E-A2B3-E955EC225FF9}.Release|Any CPU.ActiveCfg = Release|Any CPU
		{08429B50-9904-448E-A2B3-E955EC225FF9}.Release|Any CPU.Build.0 = Release|Any CPU
		{08429B50-9904-448E-A2B3-E955EC225FF9}.Web.Api debug|Any CPU.ActiveCfg = Web.Api debug|Any CPU
		{08429B50-9904-448E-A2B3-E955EC225FF9}.Web.Api debug|Any CPU.Build.0 = Web.Api debug|Any CPU
	EndGlobalSection
	GlobalSection(SolutionProperties) = preSolution
		HideSolutionNode = FALSE
	EndGlobalSection
	GlobalSection(NestedProjects) = preSolution
		{6EC23A82-74B2-401C-A9E7-90DAD782707D} = {D286EEDC-894A-4CA1-9E68-E97D37A752C9}
		{82F1B0E8-62A4-49FD-BF26-2FB8B1466BF1} = {4D290D7A-91F2-414D-BC68-FDE2868CD0F6}
		{84F1518B-0825-4921-AA2F-FA87643C3A2B} = {4D290D7A-91F2-414D-BC68-FDE2868CD0F6}
		{318B2767-884B-4F1D-AC62-7FFF65428422} = {4D290D7A-91F2-414D-BC68-FDE2868CD0F6}
		{60FF8476-0A01-4969-9040-45B4C2B06D1D} = {4D290D7A-91F2-414D-BC68-FDE2868CD0F6}
		{0B072CD1-FA17-4DB5-86BB-6224A6D3D11D} = {E01A84F4-3A4E-400C-9AB9-A3C4F3399221}
		{7050EC23-727B-4870-A42B-ADF9D7590074} = {E01A84F4-3A4E-400C-9AB9-A3C4F3399221}
		{B6370AF5-746A-43F8-BC6B-D12315C171EA} = {E01A84F4-3A4E-400C-9AB9-A3C4F3399221}
		{08429B50-9904-448E-A2B3-E955EC225FF9} = {4D290D7A-91F2-414D-BC68-FDE2868CD0F6}
	EndGlobalSection
EndGlobal
