
Microsoft Visual Studio Solution File, Format Version 12.00
# Visual Studio 2012
Project("{FAE04EC0-301F-11D3-BF4B-00C04F79EFBC}") = "Catch.FrontEnd.Web", "Catch.FrontEnd.Web\Catch.FrontEnd.Web.csproj", "{6EC23A82-74B2-401C-A9E7-90DAD782707D}"
EndProject
Project("{FAE04EC0-301F-11D3-BF4B-00C04F79EFBC}") = "Catch.Backend.Domain", "Catch.Backend.Domain\Catch.Backend.Domain.csproj", "{60FF8476-0A01-4969-9040-45B4C2B06D1D}"
EndProject
Project("{FAE04EC0-301F-11D3-BF4B-00C04F79EFBC}") = "Catch.Backend.Diagnostics", "Catch.Backend.Diagnostics\Catch.Backend.Diagnostics.csproj", "{E66FE45C-500F-4AF3-9066-A5C601B326DD}"
EndProject
Project("{FAE04EC0-301F-11D3-BF4B-00C04F79EFBC}") = "Catch.Backend.WebApi", "Catch.Backend.WebApi\Catch.Backend.WebApi.csproj", "{C4D80264-1984-4BF1-81EC-BFEE07602E0D}"
EndProject
Project("{FAE04EC0-301F-11D3-BF4B-00C04F79EFBC}") = "Catch.Backend.UnitTests", "Catch.Backend.Test\Catch.Backend.UnitTests.csproj", "{D0CB7CDE-0FD4-4B42-86A8-FC15773BD2FB}"
EndProject
Global
	GlobalSection(SolutionConfigurationPlatforms) = preSolution
		Debug|Any CPU = Debug|Any CPU
		Release|Any CPU = Release|Any CPU
	EndGlobalSection
	GlobalSection(ProjectConfigurationPlatforms) = postSolution
		{6EC23A82-74B2-401C-A9E7-90DAD782707D}.Debug|Any CPU.ActiveCfg = Debug|Any CPU
		{6EC23A82-74B2-401C-A9E7-90DAD782707D}.Debug|Any CPU.Build.0 = Debug|Any CPU
		{6EC23A82-74B2-401C-A9E7-90DAD782707D}.Release|Any CPU.ActiveCfg = Release|Any CPU
		{6EC23A82-74B2-401C-A9E7-90DAD782707D}.Release|Any CPU.Build.0 = Release|Any CPU
		{60FF8476-0A01-4969-9040-45B4C2B06D1D}.Debug|Any CPU.ActiveCfg = Debug|Any CPU
		{60FF8476-0A01-4969-9040-45B4C2B06D1D}.Debug|Any CPU.Build.0 = Debug|Any CPU
		{60FF8476-0A01-4969-9040-45B4C2B06D1D}.Release|Any CPU.ActiveCfg = Release|Any CPU
		{60FF8476-0A01-4969-9040-45B4C2B06D1D}.Release|Any CPU.Build.0 = Release|Any CPU
		{E66FE45C-500F-4AF3-9066-A5C601B326DD}.Debug|Any CPU.ActiveCfg = Debug|Any CPU
		{E66FE45C-500F-4AF3-9066-A5C601B326DD}.Debug|Any CPU.Build.0 = Debug|Any CPU
		{E66FE45C-500F-4AF3-9066-A5C601B326DD}.Release|Any CPU.ActiveCfg = Release|Any CPU
		{E66FE45C-500F-4AF3-9066-A5C601B326DD}.Release|Any CPU.Build.0 = Release|Any CPU
		{C4D80264-1984-4BF1-81EC-BFEE07602E0D}.Debug|Any CPU.ActiveCfg = Debug|Any CPU
		{C4D80264-1984-4BF1-81EC-BFEE07602E0D}.Debug|Any CPU.Build.0 = Debug|Any CPU
		{C4D80264-1984-4BF1-81EC-BFEE07602E0D}.Release|Any CPU.ActiveCfg = Release|Any CPU
		{C4D80264-1984-4BF1-81EC-BFEE07602E0D}.Release|Any CPU.Build.0 = Release|Any CPU
		{D0CB7CDE-0FD4-4B42-86A8-FC15773BD2FB}.Debug|Any CPU.ActiveCfg = Debug|Any CPU
		{D0CB7CDE-0FD4-4B42-86A8-FC15773BD2FB}.Debug|Any CPU.Build.0 = Debug|Any CPU
		{D0CB7CDE-0FD4-4B42-86A8-FC15773BD2FB}.Release|Any CPU.ActiveCfg = Release|Any CPU
		{D0CB7CDE-0FD4-4B42-86A8-FC15773BD2FB}.Release|Any CPU.Build.0 = Release|Any CPU
	EndGlobalSection
	GlobalSection(SolutionProperties) = preSolution
		HideSolutionNode = FALSE
	EndGlobalSection
EndGlobal
